# This file is automatically @generated by Cargo.
# It is not intended for manual editing.
version = 4

[[package]]
name = "day11-reactor"
version = "0.1.0"
dependencies = [
 "topo_sort",
]

[[package]]
name = "topo_sort"
version = "0.4.0"
source = "registry+https://github.com/rust-lang/crates.io-index"
checksum = "156552d3c80df430aaac98c605a4e0eb7da8d06029cce2d40b4a6b095a34b37e"
